// !$*UTF8*$!
{
	archiveVersion = 1;
	classes = {
	};
	objectVersion = 50;
	objects = {

/* Begin PBXBuildFile section */
		87DF4F08206D59BE00612747 /* AppDelegate.swift in Sources */ = {isa = PBXBuildFile; fileRef = 87DF4F07206D59BE00612747 /* AppDelegate.swift */; };
		87DF4F0A206D59BE00612747 /* ViewController.swift in Sources */ = {isa = PBXBuildFile; fileRef = 87DF4F09206D59BE00612747 /* ViewController.swift */; };
		87DF4F0D206D59BE00612747 /* Main.storyboard in Resources */ = {isa = PBXBuildFile; fileRef = 87DF4F0B206D59BE00612747 /* Main.storyboard */; };
		87DF4F0F206D59C000612747 /* Assets.xcassets in Resources */ = {isa = PBXBuildFile; fileRef = 87DF4F0E206D59C000612747 /* Assets.xcassets */; };
		87DF4F12206D59C000612747 /* LaunchScreen.storyboard in Resources */ = {isa = PBXBuildFile; fileRef = 87DF4F10206D59C000612747 /* LaunchScreen.storyboard */; };
		87DF4F1D206D59C000612747 /* haklarimio_greniyorumUITests.swift in Sources */ = {isa = PBXBuildFile; fileRef = 87DF4F1C206D59C000612747 /* haklarimio_greniyorumUITests.swift */; };
		87DF4F2A206DA97100612747 /* ViewController2.swift in Sources */ = {isa = PBXBuildFile; fileRef = 87DF4F29206DA97100612747 /* ViewController2.swift */; };
/* End PBXBuildFile section */

/* Begin PBXContainerItemProxy section */
		87DF4F19206D59C000612747 /* PBXContainerItemProxy */ = {
			isa = PBXContainerItemProxy;
			containerPortal = 87DF4EFC206D59BE00612747 /* Project object */;
			proxyType = 1;
			remoteGlobalIDString = 87DF4F03206D59BE00612747;
			remoteInfo = "haklarimiögreniyorum";
		};
/* End PBXContainerItemProxy section */

/* Begin PBXFileReference section */
		87DF4F04206D59BE00612747 /* haklarimiögreniyorum.app */ = {isa = PBXFileReference; explicitFileType = wrapper.application; includeInIndex = 0; path = "haklarimiögreniyorum.app"; sourceTree = BUILT_PRODUCTS_DIR; };
		87DF4F07206D59BE00612747 /* AppDelegate.swift */ = {isa = PBXFileReference; lastKnownFileType = sourcecode.swift; path = AppDelegate.swift; sourceTree = "<group>"; };
		87DF4F09206D59BE00612747 /* ViewController.swift */ = {isa = PBXFileReference; lastKnownFileType = sourcecode.swift; path = ViewController.swift; sourceTree = "<group>"; };
		87DF4F0C206D59BE00612747 /* Base */ = {isa = PBXFileReference; lastKnownFileType = file.storyboard; name = Base; path = Base.lproj/Main.storyboard; sourceTree = "<group>"; };
		87DF4F0E206D59C000612747 /* Assets.xcassets */ = {isa = PBXFileReference; lastKnownFileType = folder.assetcatalog; path = Assets.xcassets; sourceTree = "<group>"; };
		87DF4F11206D59C000612747 /* Base */ = {isa = PBXFileReference; lastKnownFileType = file.storyboard; name = Base; path = Base.lproj/LaunchScreen.storyboard; sourceTree = "<group>"; };
		87DF4F13206D59C000612747 /* Info.plist */ = {isa = PBXFileReference; lastKnownFileType = text.plist.xml; path = Info.plist; sourceTree = "<group>"; };
		87DF4F18206D59C000612747 /* haklarimiögreniyorumUITests.xctest */ = {isa = PBXFileReference; explicitFileType = wrapper.cfbundle; includeInIndex = 0; path = "haklarimiögreniyorumUITests.xctest"; sourceTree = BUILT_PRODUCTS_DIR; };
		87DF4F1C206D59C000612747 /* haklarimio_greniyorumUITests.swift */ = {isa = PBXFileReference; lastKnownFileType = sourcecode.swift; path = haklarimio_greniyorumUITests.swift; sourceTree = "<group>"; };
		87DF4F1E206D59C000612747 /* Info.plist */ = {isa = PBXFileReference; lastKnownFileType = text.plist.xml; path = Info.plist; sourceTree = "<group>"; };
		87DF4F29206DA97100612747 /* ViewController2.swift */ = {isa = PBXFileReference; lastKnownFileType = sourcecode.swift; path = ViewController2.swift; sourceTree = "<group>"; };
/* End PBXFileReference section */

/* Begin PBXFrameworksBuildPhase section */
		87DF4F01206D59BE00612747 /* Frameworks */ = {
			isa = PBXFrameworksBuildPhase;
			buildActionMask = 2147483647;
			files = (
			);
			runOnlyForDeploymentPostprocessing = 0;
		};
		87DF4F15206D59C000612747 /* Frameworks */ = {
			isa = PBXFrameworksBuildPhase;
			buildActionMask = 2147483647;
			files = (
			);
			runOnlyForDeploymentPostprocessing = 0;
		};
/* End PBXFrameworksBuildPhase section */

/* Begin PBXGroup section */
		87DF4EFB206D59BE00612747 = {
			isa = PBXGroup;
			children = (
				87DF4F06206D59BE00612747 /* haklarimiögreniyorum */,
				87DF4F1B206D59C000612747 /* haklarimiögreniyorumUITests */,
				87DF4F05206D59BE00612747 /* Products */,
			);
			sourceTree = "<group>";
		};
		87DF4F05206D59BE00612747 /* Products */ = {
			isa = PBXGroup;
			children = (
				87DF4F04206D59BE00612747 /* haklarimiögreniyorum.app */,
				87DF4F18206D59C000612747 /* haklarimiögreniyorumUITests.xctest */,
			);
			name = Products;
			sourceTree = "<group>";
		};
		87DF4F06206D59BE00612747 /* haklarimiögreniyorum */ = {
			isa = PBXGroup;
			children = (
				87DF4F07206D59BE00612747 /* AppDelegate.swift */,
				87DF4F09206D59BE00612747 /* ViewController.swift */,
				87DF4F29206DA97100612747 /* ViewController2.swift */,
				87DF4F0B206D59BE00612747 /* Main.storyboard */,
				87DF4F0E206D59C000612747 /* Assets.xcassets */,
				87DF4F10206D59C000612747 /* LaunchScreen.storyboard */,
				87DF4F13206D59C000612747 /* Info.plist */,
			);
			path = "haklarimiögreniyorum";
			sourceTree = "<group>";
		};
		87DF4F1B206D59C000612747 /* haklarimiögreniyorumUITests */ = {
			isa = PBXGroup;
			children = (
				87DF4F1C206D59C000612747 /* haklarimio_greniyorumUITests.swift */,
				87DF4F1E206D59C000612747 /* Info.plist */,
			);
			path = "haklarimiögreniyorumUITests";
			sourceTree = "<group>";
		};
/* End PBXGroup section */

/* Begin PBXNativeTarget section */
		87DF4F03206D59BE00612747 /* haklarimiögreniyorum */ = {
			isa = PBXNativeTarget;
			buildConfigurationList = 87DF4F21206D59C000612747 /* Build configuration list for PBXNativeTarget "haklarimiögreniyorum" */;
			buildPhases = (
				87DF4F00206D59BE00612747 /* Sources */,
				87DF4F01206D59BE00612747 /* Frameworks */,
				87DF4F02206D59BE00612747 /* Resources */,
			);
			buildRules = (
			);
			dependencies = (
			);
			name = "haklarimiögreniyorum";
			productName = "haklarimiögreniyorum";
			productReference = 87DF4F04206D59BE00612747 /* haklarimiögreniyorum.app */;
			productType = "com.apple.product-type.application";
		};
		87DF4F17206D59C000612747 /* haklarimiögreniyorumUITests */ = {
			isa = PBXNativeTarget;
			buildConfigurationList = 87DF4F24206D59C000612747 /* Build configuration list for PBXNativeTarget "haklarimiögreniyorumUITests" */;
			buildPhases = (
				87DF4F14206D59C000612747 /* Sources */,
				87DF4F15206D59C000612747 /* Frameworks */,
				87DF4F16206D59C000612747 /* Resources */,
			);
			buildRules = (
			);
			dependencies = (
				87DF4F1A206D59C000612747 /* PBXTargetDependency */,
			);
			name = "haklarimiögreniyorumUITests";
			productName = "haklarimiögreniyorumUITests";
			productReference = 87DF4F18206D59C000612747 /* haklarimiögreniyorumUITests.xctest */;
			productType = "com.apple.product-type.bundle.ui-testing";
		};
/* End PBXNativeTarget section */

/* Begin PBXProject section */
		87DF4EFC206D59BE00612747 /* Project object */ = {
			isa = PBXProject;
			attributes = {
				LastSwiftUpdateCheck = 0930;
				LastUpgradeCheck = 0930;
				ORGANIZATIONNAME = eliftultay;
				TargetAttributes = {
					87DF4F03206D59BE00612747 = {
						CreatedOnToolsVersion = 9.3;
					};
					87DF4F17206D59C000612747 = {
						CreatedOnToolsVersion = 9.3;
						TestTargetID = 87DF4F03206D59BE00612747;
					};
				};
			};
			buildConfigurationList = 87DF4EFF206D59BE00612747 /* Build configuration list for PBXProject "haklarimiögreniyorum" */;
			compatibilityVersion = "Xcode 9.3";
			developmentRegion = en;
			hasScannedForEncodings = 0;
			knownRegions = (
				en,
				Base,
			);
			mainGroup = 87DF4EFB206D59BE00612747;
			productRefGroup = 87DF4F05206D59BE00612747 /* Products */;
			projectDirPath = "";
			projectRoot = "";
			targets = (
				87DF4F03206D59BE00612747 /* haklarimiögreniyorum */,
				87DF4F17206D59C000612747 /* haklarimiögreniyorumUITests */,
			);
		};
/* End PBXProject section */

/* Begin PBXResourcesBuildPhase section */
		87DF4F02206D59BE00612747 /* Resources */ = {
			isa = PBXResourcesBuildPhase;
			buildActionMask = 2147483647;
			files = (
				87DF4F12206D59C000612747 /* LaunchScreen.storyboard in Resources */,
				87DF4F0F206D59C000612747 /* Assets.xcassets in Resources */,
				87DF4F0D206D59BE00612747 /* Main.storyboard in Resources */,
			);
			runOnlyForDeploymentPostprocessing = 0;
		};
		87DF4F16206D59C000612747 /* Resources */ = {
			isa = PBXResourcesBuildPhase;
			buildActionMask = 2147483647;
			files = (
			);
			runOnlyForDeploymentPostprocessing = 0;
		};
/* End PBXResourcesBuildPhase section */

/* Begin PBXSourcesBuildPhase section */
		87DF4F00206D59BE00612747 /* Sources */ = {
			isa = PBXSourcesBuildPhase;
			buildActionMask = 2147483647;
			files = (
				87DF4F0A206D59BE00612747 /* ViewController.swift in Sources */,
				87DF4F08206D59BE00612747 /* AppDelegate.swift in Sources */,
				87DF4F2A206DA97100612747 /* ViewController2.swift in Sources */,
			);
			runOnlyForDeploymentPostprocessing = 0;
		};
		87DF4F14206D59C000612747 /* Sources */ = {
			isa = PBXSourcesBuildPhase;
			buildActionMask = 2147483647;
			files = (
				87DF4F1D206D59C000612747 /* haklarimio_greniyorumUITests.swift in Sources */,
			);
			runOnlyForDeploymentPostprocessing = 0;
		};
/* End PBXSourcesBuildPhase section */

/* Begin PBXTargetDependency section */
		87DF4F1A206D59C000612747 /* PBXTargetDependency */ = {
			isa = PBXTargetDependency;
			target = 87DF4F03206D59BE00612747 /* haklarimiögreniyorum */;
			targetProxy = 87DF4F19206D59C000612747 /* PBXContainerItemProxy */;
		};
/* End PBXTargetDependency section */

/* Begin PBXVariantGroup section */
		87DF4F0B206D59BE00612747 /* Main.storyboard */ = {
			isa = PBXVariantGroup;
			children = (
				87DF4F0C206D59BE00612747 /* Base */,
			);
			name = Main.storyboard;
			sourceTree = "<group>";
		};
		87DF4F10206D59C000612747 /* LaunchScreen.storyboard */ = {
			isa = PBXVariantGroup;
			children = (
				87DF4F11206D59C000612747 /* Base */,
			);
			name = LaunchScreen.storyboard;
			sourceTree = "<group>";
		};
/* End PBXVariantGroup section */

/* Begin XCBuildConfiguration section */
		87DF4F1F206D59C000612747 /* Debug */ = {
			isa = XCBuildConfiguration;
			buildSettings = {
				ALWAYS_SEARCH_USER_PATHS = NO;
				CLANG_ANALYZER_NONNULL = YES;
				CLANG_ANALYZER_NUMBER_OBJECT_CONVERSION = YES_AGGRESSIVE;
				CLANG_CXX_LANGUAGE_STANDARD = "gnu++14";
				CLANG_CXX_LIBRARY = "libc++";
				CLANG_ENABLE_MODULES = YES;
				CLANG_ENABLE_OBJC_ARC = YES;
				CLANG_ENABLE_OBJC_WEAK = YES;
				CLANG_WARN_BLOCK_CAPTURE_AUTORELEASING = YES;
				CLANG_WARN_BOOL_CONVERSION = YES;
				CLANG_WARN_COMMA = YES;
				CLANG_WARN_CONSTANT_CONVERSION = YES;
				CLANG_WARN_DEPRECATED_OBJC_IMPLEMENTATIONS = YES;
				CLANG_WARN_DIRECT_OBJC_ISA_USAGE = YES_ERROR;
				CLANG_WARN_DOCUMENTATION_COMMENTS = YES;
				CLANG_WARN_EMPTY_BODY = YES;
				CLANG_WARN_ENUM_CONVERSION = YES;
				CLANG_WARN_INFINITE_RECURSION = YES;
				CLANG_WARN_INT_CONVERSION = YES;
				CLANG_WARN_NON_LITERAL_NULL_CONVERSION = YES;
				CLANG_WARN_OBJC_IMPLICIT_RETAIN_SELF = YES;
				CLANG_WARN_OBJC_LITERAL_CONVERSION = YES;
				CLANG_WARN_OBJC_ROOT_CLASS = YES_ERROR;
				CLANG_WARN_RANGE_LOOP_ANALYSIS = YES;
				CLANG_WARN_STRICT_PROTOTYPES = YES;
				CLANG_WARN_SUSPICIOUS_MOVE = YES;
				CLANG_WARN_UNGUARDED_AVAILABILITY = YES_AGGRESSIVE;
				CLANG_WARN_UNREACHABLE_CODE = YES;
				CLANG_WARN__DUPLICATE_METHOD_MATCH = YES;
				CODE_SIGN_IDENTITY = "iPhone Developer";
				COPY_PHASE_STRIP = NO;
				DEBUG_INFORMATION_FORMAT = dwarf;
				ENABLE_STRICT_OBJC_MSGSEND = YES;
				ENABLE_TESTABILITY = YES;
				GCC_C_LANGUAGE_STANDARD = gnu11;
				GCC_DYNAMIC_NO_PIC = NO;
				GCC_NO_COMMON_BLOCKS = YES;
				GCC_OPTIMIZATION_LEVEL = 0;
				GCC_PREPROCESSOR_DEFINITIONS = (
					"DEBUG=1",
					"$(inherited)",
				);
				GCC_WARN_64_TO_32_BIT_CONVERSION = YES;
				GCC_WARN_ABOUT_RETURN_TYPE = YES_ERROR;
				GCC_WARN_UNDECLARED_SELECTOR = YES;
				GCC_WARN_UNINITIALIZED_AUTOS = YES_AGGRESSIVE;
				GCC_WARN_UNUSED_FUNCTION = YES;
				GCC_WARN_UNUSED_VARIABLE = YES;
				IPHONEOS_DEPLOYMENT_TARGET = 11.3;
				MTL_ENABLE_DEBUG_INFO = YES;
				ONLY_ACTIVE_ARCH = YES;
				SDKROOT = iphoneos;
				SWIFT_ACTIVE_COMPILATION_CONDITIONS = DEBUG;
				SWIFT_OPTIMIZATION_LEVEL = "-Onone";
			};
			name = Debug;
		};
		87DF4F20206D59C000612747 /* Release */ = {
			isa = XCBuildConfiguration;
			buildSettings = {
				ALWAYS_SEARCH_USER_PATHS = NO;
				CLANG_ANALYZER_NONNULL = YES;
				CLANG_ANALYZER_NUMBER_OBJECT_CONVERSION = YES_AGGRESSIVE;
				CLANG_CXX_LANGUAGE_STANDARD = "gnu++14";
				CLANG_CXX_LIBRARY = "libc++";
				CLANG_ENABLE_MODULES = YES;
				CLANG_ENABLE_OBJC_ARC = YES;
				CLANG_ENABLE_OBJC_WEAK = YES;
				CLANG_WARN_BLOCK_CAPTURE_AUTORELEASING = YES;
				CLANG_WARN_BOOL_CONVERSION = YES;
				CLANG_WARN_COMMA = YES;
				CLANG_WARN_CONSTANT_CONVERSION = YES;
				CLANG_WARN_DEPRECATED_OBJC_IMPLEMENTATIONS = YES;
				CLANG_WARN_DIRECT_OBJC_ISA_USAGE = YES_ERROR;
				CLANG_WARN_DOCUMENTATION_COMMENTS = YES;
				CLANG_WARN_EMPTY_BODY = YES;
				CLANG_WARN_ENUM_CONVERSION = YES;
				CLANG_WARN_INFINITE_RECURSION = YES;
				CLANG_WARN_INT_CONVERSION = YES;
				CLANG_WARN_NON_LITERAL_NULL_CONVERSION = YES;
				CLANG_WARN_OBJC_IMPLICIT_RETAIN_SELF = YES;
				CLANG_WARN_OBJC_LITERAL_CONVERSION = YES;
				CLANG_WARN_OBJC_ROOT_CLASS = YES_ERROR;
				CLANG_WARN_RANGE_LOOP_ANALYSIS = YES;
				CLANG_WARN_STRICT_PROTOTYPES = YES;
				CLANG_WARN_SUSPICIOUS_MOVE = YES;
				CLANG_WARN_UNGUARDED_AVAILABILITY = YES_AGGRESSIVE;
				CLANG_WARN_UNREACHABLE_CODE = YES;
				CLANG_WARN__DUPLICATE_METHOD_MATCH = YES;
				CODE_SIGN_IDENTITY = "iPhone Developer";
				COPY_PHASE_STRIP = NO;
				DEBUG_INFORMATION_FORMAT = "dwarf-with-dsym";
				ENABLE_NS_ASSERTIONS = NO;
				ENABLE_STRICT_OBJC_MSGSEND = YES;
				GCC_C_LANGUAGE_STANDARD = gnu11;
				GCC_NO_COMMON_BLOCKS = YES;
				GCC_WARN_64_TO_32_BIT_CONVERSION = YES;
				GCC_WARN_ABOUT_RETURN_TYPE = YES_ERROR;
				GCC_WARN_UNDECLARED_SELECTOR = YES;
				GCC_WARN_UNINITIALIZED_AUTOS = YES_AGGRESSIVE;
				GCC_WARN_UNUSED_FUNCTION = YES;
				GCC_WARN_UNUSED_VARIABLE = YES;
				IPHONEOS_DEPLOYMENT_TARGET = 11.3;
				MTL_ENABLE_DEBUG_INFO = NO;
				SDKROOT = iphoneos;
				SWIFT_COMPILATION_MODE = wholemodule;
				SWIFT_OPTIMIZATION_LEVEL = "-O";
				VALIDATE_PRODUCT = YES;
			};
			name = Release;
		};
		87DF4F22206D59C000612747 /* Debug */ = {
			isa = XCBuildConfiguration;
			buildSettings = {
				ASSETCATALOG_COMPILER_APPICON_NAME = AppIcon;
				CODE_SIGN_STYLE = Automatic;
				INFOPLIST_FILE = "haklarimiögreniyorum/Info.plist";
				LD_RUNPATH_SEARCH_PATHS = (
					"$(inherited)",
					"@executable_path/Frameworks",
				);
				PRODUCT_BUNDLE_IDENTIFIER = "com.eliftultay.haklarimio-greniyorum";
				PRODUCT_NAME = "$(TARGET_NAME)";
				SWIFT_VERSION = 4.0;
				TARGETED_DEVICE_FAMILY = "1,2";
			};
			name = Debug;
		};
		87DF4F23206D59C000612747 /* Release */ = {
			isa = XCBuildConfiguration;
			buildSettings = {
				ASSETCATALOG_COMPILER_APPICON_NAME = AppIcon;
				CODE_SIGN_STYLE = Automatic;
				INFOPLIST_FILE = "haklarimiögreniyorum/Info.plist";
				LD_RUNPATH_SEARCH_PATHS = (
					"$(inherited)",
					"@executable_path/Frameworks",
				);
				PRODUCT_BUNDLE_IDENTIFIER = "com.eliftultay.haklarimio-greniyorum";
				PRODUCT_NAME = "$(TARGET_NAME)";
				SWIFT_VERSION = 4.0;
				TARGETED_DEVICE_FAMILY = "1,2";
			};
			name = Release;
		};
		87DF4F25206D59C000612747 /* Debug */ = {
			isa = XCBuildConfiguration;
			buildSettings = {
				ALWAYS_EMBED_SWIFT_STANDARD_LIBRARIES = YES;
				CODE_SIGN_STYLE = Automatic;
				INFOPLIST_FILE = "haklarimiögreniyorumUITests/Info.plist";
				LD_RUNPATH_SEARCH_PATHS = (
					"$(inherited)",
					"@executable_path/Frameworks",
					"@loader_path/Frameworks",
				);
				PRODUCT_BUNDLE_IDENTIFIER = "com.eliftultay.haklarimio-greniyorumUITests";
				PRODUCT_NAME = "$(TARGET_NAME)";
				SWIFT_VERSION = 4.0;
				TARGETED_DEVICE_FAMILY = "1,2";
				TEST_TARGET_NAME = "haklarimiögreniyorum";
			};
			name = Debug;
		};
		87DF4F26206D59C000612747 /* Release */ = {
			isa = XCBuildConfiguration;
			buildSettings = {
				ALWAYS_EMBED_SWIFT_STANDARD_LIBRARIES = YES;
				CODE_SIGN_STYLE = Automatic;
				INFOPLIST_FILE = "haklarimiögreniyorumUITests/Info.plist";
				LD_RUNPATH_SEARCH_PATHS = (
					"$(inherited)",
					"@executable_path/Frameworks",
					"@loader_path/Frameworks",
				);
				PRODUCT_BUNDLE_IDENTIFIER = "com.eliftultay.haklarimio-greniyorumUITests";
				PRODUCT_NAME = "$(TARGET_NAME)";
				SWIFT_VERSION = 4.0;
				TARGETED_DEVICE_FAMILY = "1,2";
				TEST_TARGET_NAME = "haklarimiögreniyorum";
			};
			name = Release;
		};
/* End XCBuildConfiguration section */

/* Begin XCConfigurationList section */
		87DF4EFF206D59BE00612747 /* Build configuration list for PBXProject "haklarimiögreniyorum" */ = {
			isa = XCConfigurationList;
			buildConfigurations = (
				87DF4F1F206D59C000612747 /* Debug */,
				87DF4F20206D59C000612747 /* Release */,
			);
			defaultConfigurationIsVisible = 0;
			defaultConfigurationName = Release;
		};
		87DF4F21206D59C000612747 /* Build configuration list for PBXNativeTarget "haklarimiögreniyorum" */ = {
			isa = XCConfigurationList;
			buildConfigurations = (
				87DF4F22206D59C000612747 /* Debug */,
				87DF4F23206D59C000612747 /* Release */,
			);
			defaultConfigurationIsVisible = 0;
			defaultConfigurationName = Release;
		};
		87DF4F24206D59C000612747 /* Build configuration list for PBXNativeTarget "haklarimiögreniyorumUITests" */ = {
			isa = XCConfigurationList;
			buildConfigurations = (
				87DF4F25206D59C000612747 /* Debug */,
				87DF4F26206D59C000612747 /* Release */,
			);
			defaultConfigurationIsVisible = 0;
			defaultConfigurationName = Release;
		};
/* End XCConfigurationList section */
	};
	rootObject = 87DF4EFC206D59BE00612747 /* Project object */;
}
